# THIS IS AN AUTOGENERATED FILE. DO NOT EDIT THIS FILE DIRECTLY.
# yarn lockfile v1


"@hapi/bourne@^2.0.0":
  "integrity" "sha512-WEezM1FWztfbzqIUbsDzFRVMxSoLy3HugVcux6KDDtTqzPsLE8NDRHfXvev66aH1i2oOKKar3/XDjbvh/OUBdg=="
  "resolved" "https://registry.npmjs.org/@hapi/bourne/-/bourne-2.0.0.tgz"
  "version" "2.0.0"

"@tsconfig/node10@^1.0.7":
  "integrity" "sha512-6XFfSQmMgq0CFLY1MslA/CPUfhIL919M1rMsa5lP2P097N2Wd1sSX0tx1u4olM16fLNhtHZpRhedZJphNJqmZg=="
  "resolved" "https://registry.npmjs.org/@tsconfig/node10/-/node10-1.0.8.tgz"
  "version" "1.0.8"

"@tsconfig/node12@^1.0.7":
  "integrity" "sha512-/yBMcem+fbvhSREH+s14YJi18sp7J9jpuhYByADT2rypfajMZZN4WQ6zBGgBKp53NKmqI36wFYDb3yaMPurITw=="
  "resolved" "https://registry.npmjs.org/@tsconfig/node12/-/node12-1.0.9.tgz"
  "version" "1.0.9"

"@tsconfig/node14@^1.0.0":
  "integrity" "sha512-509r2+yARFfHHE7T6Puu2jjkoycftovhXRqW328PDXTVGKihlb1P8Z9mMZH04ebyajfRY7dedfGynlrFHJUQCg=="
  "resolved" "https://registry.npmjs.org/@tsconfig/node14/-/node14-1.0.1.tgz"
  "version" "1.0.1"

"@tsconfig/node16@^1.0.1":
  "integrity" "sha512-FTgBI767POY/lKNDNbIzgAX6miIDBs6NTCbdlDb8TrWovHsSvaVIZDlTqym29C6UqhzwcJx4CYr+AlrMywA0cA=="
  "resolved" "https://registry.npmjs.org/@tsconfig/node16/-/node16-1.0.1.tgz"
  "version" "1.0.1"

"@types/body-parser@*":
  "integrity" "sha512-W98JrE0j2K78swW4ukqMleo8R7h/pFETjM2DQ90MF6XK2i4LO4W3gQ71Lt4w3bfm2EvVSyWHplECvB5sK22yFQ=="
  "resolved" "https://registry.npmjs.org/@types/body-parser/-/body-parser-1.19.0.tgz"
  "version" "1.19.0"
  dependencies:
    "@types/connect" "*"
    "@types/node" "*"

"@types/component-emitter@^1.2.10":
  "integrity" "sha512-bsjleuRKWmGqajMerkzox19aGbscQX5rmmvvXl3wlIp5gMG1HgkiwPxsN5p070fBDKTNSPgojVbuY1+HWMbFhg=="
  "resolved" "https://registry.npmjs.org/@types/component-emitter/-/component-emitter-1.2.10.tgz"
  "version" "1.2.10"

"@types/config@^0.0.38":
  "integrity" "sha512-z2WizAfIFgSv8SQfQ8c0LlbDAcK47D/o93XW6bxZ9t3bs4fmmfAPjk1nhAIBTG84PBBCHfSPM+8g7vhLdbFokg=="
  "resolved" "https://registry.npmjs.org/@types/config/-/config-0.0.38.tgz"
  "version" "0.0.38"

"@types/connect@*":
  "integrity" "sha512-ePPA/JuI+X0vb+gSWlPKOY0NdNAie/rPUqX2GUPpbZwiKTkSPhjXWuee47E4MtE54QVzGCQMQkAL6JhV2E1+cQ=="
  "resolved" "https://registry.npmjs.org/@types/connect/-/connect-3.4.34.tgz"
  "version" "3.4.34"
  dependencies:
    "@types/node" "*"

"@types/cookie@^0.4.0":
  "integrity" "sha512-y7mImlc/rNkvCRmg8gC3/lj87S7pTUIJ6QGjwHR9WQJcFs+ZMTOaoPrkdFA/YdbuqVEmEbb5RdhVxMkAcgOnpg=="
  "resolved" "https://registry.npmjs.org/@types/cookie/-/cookie-0.4.0.tgz"
  "version" "0.4.0"

"@types/cors@^2.8.8":
  "integrity" "sha512-C7srjHiVG3Ey1nR6d511dtDkCEjxuN9W1HWAEjGq8kpcwmNM6JJkpC0xvabM7BXTG2wDq8Eu33iH9aQKa7IvLQ=="
  "resolved" "https://registry.npmjs.org/@types/cors/-/cors-2.8.10.tgz"
  "version" "2.8.10"

"@types/express-serve-static-core@^4.17.18":
  "integrity" "sha512-gwCiEZqW6f7EoR8TTEfalyEhb1zA5jQJnRngr97+3pzMaO1RKoI1w2bw07TK72renMUVWcWS5mLI6rk1NqN0nA=="
  "resolved" "https://registry.npmjs.org/@types/express-serve-static-core/-/express-serve-static-core-4.17.21.tgz"
  "version" "4.17.21"
  dependencies:
    "@types/node" "*"
    "@types/qs" "*"
    "@types/range-parser" "*"

"@types/express@^4.17.12":
  "integrity" "sha512-pTYas6FrP15B1Oa0bkN5tQMNqOcVXa9j4FTFtO8DWI9kppKib+6NJtfTOOLcwxuuYvcX2+dVG6et1SxW/Kc17Q=="
  "resolved" "https://registry.npmjs.org/@types/express/-/express-4.17.12.tgz"
  "version" "4.17.12"
  dependencies:
    "@types/body-parser" "*"
    "@types/express-serve-static-core" "^4.17.18"
    "@types/qs" "*"
    "@types/serve-static" "*"

"@types/mime@^1":
  "integrity" "sha512-YATxVxgRqNH6nHEIsvg6k2Boc1JHI9ZbH5iWFFv/MTkchz3b1ieGDa5T0a9RznNdI0KhVbdbWSN+KWWrQZRxTw=="
  "resolved" "https://registry.npmjs.org/@types/mime/-/mime-1.3.2.tgz"
  "version" "1.3.2"

"@types/node@*", "@types/node@^15.12.4", "@types/node@^15.3.0", "@types/node@>=10.0.0":
  "integrity" "sha512-zrNj1+yqYF4WskCMOHwN+w9iuD12+dGm0rQ35HLl9/Ouuq52cEtd0CH9qMgrdNmi5ejC1/V7vKEXYubB+65DkA=="
  "resolved" "https://registry.npmjs.org/@types/node/-/node-15.12.4.tgz"
  "version" "15.12.4"

"@types/pino-pretty@*":
  "integrity" "sha512-fIZ+VXf9gJoJR4tiiM7G+j/bZkPoZEfFGzA4d8tAWCTpTVyvVaBwnmdLs3wEXYpMjw8eXulrOzNCjmGHT3FgHw=="
  "resolved" "https://registry.npmjs.org/@types/pino-pretty/-/pino-pretty-4.7.0.tgz"
  "version" "4.7.0"
  dependencies:
    "@types/pino" "*"

"@types/pino-std-serializers@*":
  "integrity" "sha512-17XcksO47M24IVTVKPeAByWUd3Oez7EbIjXpSbzMPhXVzgjGtrOa49gKBwxH9hb8dKv58OelsWQ+A1G1l9S3wQ=="
  "resolved" "https://registry.npmjs.org/@types/pino-std-serializers/-/pino-std-serializers-2.4.1.tgz"
  "version" "2.4.1"
  dependencies:
    "@types/node" "*"

"@types/pino@*", "@types/pino@^6.3.8":
  "integrity" "sha512-E47CmRy1FNMaCN8r0d8ECQOjXen9O0p6GGsUjLfmawlxRKosZ82WP1oWVKj+ikTkMDHxWzN5BuKmplo44ynrIg=="
  "resolved" "https://registry.npmjs.org/@types/pino/-/pino-6.3.8.tgz"
  "version" "6.3.8"
  dependencies:
    "@types/node" "*"
    "@types/pino-pretty" "*"
    "@types/pino-std-serializers" "*"
    "@types/sonic-boom" "*"

"@types/qs@*":
  "integrity" "sha512-0/HnwIfW4ki2D8L8c9GVcG5I72s9jP5GSLVF0VIXDW00kmIpA6O33G7a8n59Tmh7Nz0WUC3rSb7PTY/sdW2JzA=="
  "resolved" "https://registry.npmjs.org/@types/qs/-/qs-6.9.6.tgz"
  "version" "6.9.6"

"@types/range-parser@*":
  "integrity" "sha512-ewFXqrQHlFsgc09MK5jP5iR7vumV/BYayNC6PgJO2LPe8vrnNFyjQjSppfEngITi0qvfKtzFvgKymGheFM9UOA=="
  "resolved" "https://registry.npmjs.org/@types/range-parser/-/range-parser-1.2.3.tgz"
  "version" "1.2.3"

"@types/serve-static@*":
  "integrity" "sha512-ZFqF6qa48XsPdjXV5Gsz0Zqmux2PerNd3a/ktL45mHpa19cuMi/cL8tcxdAx497yRh+QtYPuofjT9oWw9P7nkA=="
  "resolved" "https://registry.npmjs.org/@types/serve-static/-/serve-static-1.13.9.tgz"
  "version" "1.13.9"
  dependencies:
    "@types/mime" "^1"
    "@types/node" "*"

"@types/sonic-boom@*":
  "integrity" "sha512-AfqR0fZMoUXUNwusgXKxcE9DPlHNDHQp6nKYUd4PSRpLobF5CCevSpyTEBcVZreqaWKCnGBr9KI1fHMTttoB7A=="
  "resolved" "https://registry.npmjs.org/@types/sonic-boom/-/sonic-boom-0.7.0.tgz"
  "version" "0.7.0"
  dependencies:
    "@types/node" "*"

"accepts@~1.3.4", "accepts@~1.3.7":
  "integrity" "sha512-Il80Qs2WjYlJIBNzNkK6KYqlVMTbZLXgHx2oT0pU/fjRHyEp+PEfEPY0R3WCwAGVOtauxh1hOxNgIf5bv7dQpA=="
  "resolved" "https://registry.npmjs.org/accepts/-/accepts-1.3.7.tgz"
  "version" "1.3.7"
  dependencies:
    "mime-types" "~2.1.24"
    "negotiator" "0.6.2"

"ansi-styles@^3.2.1":
  "integrity" "sha512-VT0ZI6kZRdTh8YyJw3SMbYm/u+NqfsAxEpWO0Pf9sq8/e94WxxOpPKx9FR1FlyCtOVDNOQ+8ntlqFxiRc+r5qA=="
  "resolved" "https://registry.npmjs.org/ansi-styles/-/ansi-styles-3.2.1.tgz"
  "version" "3.2.1"
  dependencies:
    "color-convert" "^1.9.0"

"ansi-styles@^4.1.0":
  "integrity" "sha512-zbB9rCJAT1rbjiVDb2hqKFHNYLxgtk8NURxZ3IZwD3F6NtxbXZQCnnSi1Lkx+IDohdPlFp222wVALIheZJQSEg=="
  "resolved" "https://registry.npmjs.org/ansi-styles/-/ansi-styles-4.3.0.tgz"
  "version" "4.3.0"
  dependencies:
    "color-convert" "^2.0.1"

"arg@^4.1.0":
  "integrity" "sha512-58S9QDqG0Xx27YwPSt9fJxivjYl432YCwfDMfZ+71RAqUrZef7LrKQZ3LHLOwCS4FLNBplP533Zx895SeOCHvA=="
  "resolved" "https://registry.npmjs.org/arg/-/arg-4.1.3.tgz"
  "version" "4.1.3"

"args@^5.0.1":
  "integrity" "sha512-1kqmFCFsPffavQFGt8OxJdIcETti99kySRUPMpOhaGjL6mRJn8HFU1OxKY5bMqfZKUwTQc1mZkAjmGYaVOHFtQ=="
  "resolved" "https://registry.npmjs.org/args/-/args-5.0.1.tgz"
  "version" "5.0.1"
  dependencies:
    "camelcase" "5.0.0"
    "chalk" "2.4.2"
    "leven" "2.1.0"
    "mri" "1.1.4"

"array-flatten@1.1.1":
  "integrity" "sha1-ml9pkFGx5wczKPKgCJaLZOopVdI="
  "resolved" "https://registry.npmjs.org/array-flatten/-/array-flatten-1.1.1.tgz"
  "version" "1.1.1"

"atomic-sleep@^1.0.0":
  "integrity" "sha512-kNOjDqAh7px0XWNI+4QbzoiR/nTkHAWNud2uvnJquD1/x5a7EQZMJT0AczqK0Qn67oY/TTQ1LbUKajZpp3I9tQ=="
  "resolved" "https://registry.npmjs.org/atomic-sleep/-/atomic-sleep-1.0.0.tgz"
  "version" "1.0.0"

"base64-arraybuffer@0.1.4":
  "integrity" "sha1-mBjHngWbE1X5fgQooBfIOOkLqBI="
  "resolved" "https://registry.npmjs.org/base64-arraybuffer/-/base64-arraybuffer-0.1.4.tgz"
  "version" "0.1.4"

"base64id@~2.0.0", "base64id@2.0.0":
  "integrity" "sha512-lGe34o6EHj9y3Kts9R4ZYs/Gr+6N7MCaMlIFA3F1R2O5/m7K06AxfSeO5530PEERE6/WyEg3lsuyw4GHlPZHog=="
  "resolved" "https://registry.npmjs.org/base64id/-/base64id-2.0.0.tgz"
  "version" "2.0.0"

"body-parser@1.19.0":
  "integrity" "sha512-dhEPs72UPbDnAQJ9ZKMNTP6ptJaionhP5cBb541nXPlW60Jepo9RV/a4fX4XWW9CuFNK22krhrj1+rgzifNCsw=="
  "resolved" "https://registry.npmjs.org/body-parser/-/body-parser-1.19.0.tgz"
  "version" "1.19.0"
  dependencies:
    "bytes" "3.1.0"
    "content-type" "~1.0.4"
    "debug" "2.6.9"
    "depd" "~1.1.2"
    "http-errors" "1.7.2"
    "iconv-lite" "0.4.24"
    "on-finished" "~2.3.0"
    "qs" "6.7.0"
    "raw-body" "2.4.0"
    "type-is" "~1.6.17"

"buffer-from@^1.0.0":
  "integrity" "sha512-MQcXEUbCKtEo7bhqEs6560Hyd4XaovZlO/k9V3hjVUF/zwW7KBVdSK4gIt/bzwS9MbR5qob+F5jusZsb0YQK2A=="
  "resolved" "https://registry.npmjs.org/buffer-from/-/buffer-from-1.1.1.tgz"
  "version" "1.1.1"

"bytes@3.1.0":
  "integrity" "sha512-zauLjrfCG+xvoyaqLoV8bLVXXNGC4JqlxFCutSDWA6fJrTo2ZuvLYTqZ7aHBLZSMOopbzwv8f+wZcVzfVTI2Dg=="
  "resolved" "https://registry.npmjs.org/bytes/-/bytes-3.1.0.tgz"
  "version" "3.1.0"

"camelcase@5.0.0":
  "integrity" "sha512-faqwZqnWxbxn+F1d399ygeamQNy3lPp/H9H6rNrqYh4FSVCtcY+3cub1MxA8o9mDd55mM8Aghuu/kuyYA6VTsA=="
  "resolved" "https://registry.npmjs.org/camelcase/-/camelcase-5.0.0.tgz"
  "version" "5.0.0"

"chalk@^4.0.0":
  "integrity" "sha512-diHzdDKxcU+bAsUboHLPEDQiw0qEe0qd7SYUn3HgcFlWgbDcfLGswOHYeGrHKzG9z6UYf01d9VFMfZxPM1xZSg=="
  "resolved" "https://registry.npmjs.org/chalk/-/chalk-4.1.1.tgz"
  "version" "4.1.1"
  dependencies:
    "ansi-styles" "^4.1.0"
    "supports-color" "^7.1.0"

"chalk@2.4.2":
  "integrity" "sha512-Mti+f9lpJNcwF4tWV8/OrTTtF1gZi+f8FqlyAdouralcFWFQWF2+NgCHShjkCb+IFBLq9buZwE1xckQU4peSuQ=="
  "resolved" "https://registry.npmjs.org/chalk/-/chalk-2.4.2.tgz"
  "version" "2.4.2"
  dependencies:
    "ansi-styles" "^3.2.1"
    "escape-string-regexp" "^1.0.5"
    "supports-color" "^5.3.0"

"color-convert@^1.9.0":
  "integrity" "sha512-QfAUtd+vFdAtFQcC8CCyYt1fYWxSqAiK2cSD6zDB8N3cpsEBAvRxp9zOGg6G/SHHJYAT88/az/IuDGALsNVbGg=="
  "resolved" "https://registry.npmjs.org/color-convert/-/color-convert-1.9.3.tgz"
  "version" "1.9.3"
  dependencies:
    "color-name" "1.1.3"

"color-convert@^2.0.1":
  "integrity" "sha512-RRECPsj7iu/xb5oKYcsFHSppFNnsj/52OVTRKb4zP5onXwVF3zVmmToNcOfGC+CRDpfK/U584fMg38ZHCaElKQ=="
  "resolved" "https://registry.npmjs.org/color-convert/-/color-convert-2.0.1.tgz"
  "version" "2.0.1"
  dependencies:
    "color-name" "~1.1.4"

"color-name@~1.1.4":
  "integrity" "sha512-dOy+3AuW3a2wNbZHIuMZpTcgjGuLU/uBL/ubcZF9OXbDo8ff4O8yVp5Bf0efS8uEoYo5q4Fx7dY9OgQGXgAsQA=="
  "resolved" "https://registry.npmjs.org/color-name/-/color-name-1.1.4.tgz"
  "version" "1.1.4"

"color-name@1.1.3":
  "integrity" "sha1-p9BVi9icQveV3UIyj3QIMcpTvCU="
  "resolved" "https://registry.npmjs.org/color-name/-/color-name-1.1.3.tgz"
  "version" "1.1.3"

"component-emitter@~1.3.0":
  "integrity" "sha512-Rd3se6QB+sO1TwqZjscQrurpEPIfO0/yYnSin6Q/rD3mOutHvUrCAhJub3r90uNb+SESBuE0QYoB90YdfatsRg=="
  "resolved" "https://registry.npmjs.org/component-emitter/-/component-emitter-1.3.0.tgz"
  "version" "1.3.0"

"config@^3.3.6":
  "integrity" "sha512-Hj5916C5HFawjYJat1epbyY2PlAgLpBtDUlr0MxGLgo3p5+7kylyvnRY18PqJHgnNWXcdd0eWDemT7eYWuFgwg=="
  "resolved" "https://registry.npmjs.org/config/-/config-3.3.6.tgz"
  "version" "3.3.6"
  dependencies:
    "json5" "^2.1.1"

"content-disposition@0.5.3":
  "integrity" "sha512-ExO0774ikEObIAEV9kDo50o+79VCUdEB6n6lzKgGwupcVeRlhrj3qGAfwq8G6uBJjkqLrhT0qEYFcWng8z1z0g=="
  "resolved" "https://registry.npmjs.org/content-disposition/-/content-disposition-0.5.3.tgz"
  "version" "0.5.3"
  dependencies:
    "safe-buffer" "5.1.2"

"content-type@~1.0.4":
  "integrity" "sha512-hIP3EEPs8tB9AT1L+NUqtwOAps4mk2Zob89MWXMHjHWg9milF/j4osnnQLXBCBFBk/tvIG/tUc9mOUJiPBhPXA=="
  "resolved" "https://registry.npmjs.org/content-type/-/content-type-1.0.4.tgz"
  "version" "1.0.4"

"cookie-signature@1.0.6":
  "integrity" "sha1-4wOogrNCzD7oylE6eZmXNNqzriw="
  "resolved" "https://registry.npmjs.org/cookie-signature/-/cookie-signature-1.0.6.tgz"
  "version" "1.0.6"

"cookie@~0.4.1":
  "integrity" "sha512-ZwrFkGJxUR3EIoXtO+yVE69Eb7KlixbaeAWfBQB9vVsNn/o+Yw69gBWSSDK825hQNdN+wF8zELf3dFNl/kxkUA=="
  "resolved" "https://registry.npmjs.org/cookie/-/cookie-0.4.1.tgz"
  "version" "0.4.1"

"cookie@0.4.0":
  "integrity" "sha512-+Hp8fLp57wnUSt0tY0tHEXh4voZRDnoIrZPqlo3DPiI4y9lwg/jqx+1Om94/W6ZaPDOUbnjOt/99w66zk+l1Xg=="
  "resolved" "https://registry.npmjs.org/cookie/-/cookie-0.4.0.tgz"
  "version" "0.4.0"

"cors@~2.8.5":
  "integrity" "sha512-KIHbLJqu73RGr/hnbrO9uBeixNGuvSQjul/jdFvS/KFSIH1hWVd1ng7zOHx+YrEfInLG7q4n6GHQ9cDtxv/P6g=="
  "resolved" "https://registry.npmjs.org/cors/-/cors-2.8.5.tgz"
  "version" "2.8.5"
  dependencies:
    "object-assign" "^4"
    "vary" "^1"

"create-require@^1.1.0":
  "integrity" "sha512-dcKFX3jn0MpIaXjisoRvexIJVEKzaq7z2rZKxf+MSr9TkdmHmsU4m2lcLojrj/FHl8mk5VxMmYA+ftRkP/3oKQ=="
  "resolved" "https://registry.npmjs.org/create-require/-/create-require-1.1.1.tgz"
  "version" "1.1.1"

"dateformat@^4.5.1":
  "integrity" "sha512-OD0TZ+B7yP7ZgpJf5K2DIbj3FZvFvxgFUuaqA/V5zTjAtAAXZ1E8bktHxmAGs4x5b7PflqA9LeQ84Og7wYtF7Q=="
  "resolved" "https://registry.npmjs.org/dateformat/-/dateformat-4.5.1.tgz"
  "version" "4.5.1"

"dayjs@^1.10.5":
  "integrity" "sha512-BUFis41ikLz+65iH6LHQCDm4YPMj5r1YFLdupPIyM4SGcXMmtiLQ7U37i+hGS8urIuqe7I/ou3IS1jVc4nbN4g=="
  "resolved" "https://registry.npmjs.org/dayjs/-/dayjs-1.10.5.tgz"
  "version" "1.10.5"

"debug@~4.3.1":
  "integrity" "sha512-doEwdvm4PCeK4K3RQN2ZC2BYUBaxwLARCqZmMjtF8a51J2Rb0xpVloFRnCODwqjpwnAoao4pelN8l3RJdv3gRQ=="
  "resolved" "https://registry.npmjs.org/debug/-/debug-4.3.1.tgz"
  "version" "4.3.1"
  dependencies:
    "ms" "2.1.2"

"debug@2.6.9":
  "integrity" "sha512-bC7ElrdJaJnPbAP+1EotYvqZsb3ecl5wi6Bfi6BJTUcNowp6cvspg0jXznRTKDjm/E7AdgFBVeAPVMNcKGsHMA=="
  "resolved" "https://registry.npmjs.org/debug/-/debug-2.6.9.tgz"
  "version" "2.6.9"
  dependencies:
    "ms" "2.0.0"

"depd@~1.1.2":
  "integrity" "sha1-m81S4UwJd2PnSbJ0xDRu0uVgtak="
  "resolved" "https://registry.npmjs.org/depd/-/depd-1.1.2.tgz"
  "version" "1.1.2"

"destroy@~1.0.4":
  "integrity" "sha1-l4hXRCxEdJ5CBmE+N5RiBYJqvYA="
  "resolved" "https://registry.npmjs.org/destroy/-/destroy-1.0.4.tgz"
  "version" "1.0.4"

"diff@^4.0.1":
  "integrity" "sha512-58lmxKSA4BNyLz+HHMUzlOEpg09FV+ev6ZMe3vJihgdxzgcwZ8VoEEPmALCZG9LmqfVoNMMKpttIYTVG6uDY7A=="
  "resolved" "https://registry.npmjs.org/diff/-/diff-4.0.2.tgz"
  "version" "4.0.2"

"dotenv@^14.2.0":
  "integrity" "sha512-05POuPJyPpO6jqzTNweQFfAyMSD4qa4lvsMOWyTRTdpHKy6nnnN+IYWaXF+lHivhBH/ufDKlR4IWCAN3oPnHuw=="
  "resolved" "https://registry.npmjs.org/dotenv/-/dotenv-14.2.0.tgz"
  "version" "14.2.0"

"ee-first@1.1.1":
  "integrity" "sha1-WQxhFWsK4vTwJVcyoViyZrxWsh0="
  "resolved" "https://registry.npmjs.org/ee-first/-/ee-first-1.1.1.tgz"
  "version" "1.1.1"

"encodeurl@~1.0.2":
  "integrity" "sha1-rT/0yG7C0CkyL1oCw6mmBslbP1k="
  "resolved" "https://registry.npmjs.org/encodeurl/-/encodeurl-1.0.2.tgz"
  "version" "1.0.2"

"end-of-stream@^1.1.0":
  "integrity" "sha512-+uw1inIHVPQoaVuHzRyXd21icM+cnt4CzD5rW+NC1wjOUSTOs+Te7FOv7AhN7vS9x/oIyhLP5PR1H+phQAHu5Q=="
  "resolved" "https://registry.npmjs.org/end-of-stream/-/end-of-stream-1.4.4.tgz"
  "version" "1.4.4"
  dependencies:
    "once" "^1.4.0"

"engine.io-parser@~4.0.0":
  "integrity" "sha512-sHfEQv6nmtJrq6TKuIz5kyEKH/qSdK56H/A+7DnAuUPWosnIZAS2NHNcPLmyjtY3cGS/MqJdZbUjW97JU72iYg=="
  "resolved" "https://registry.npmjs.org/engine.io-parser/-/engine.io-parser-4.0.2.tgz"
  "version" "4.0.2"
  dependencies:
    "base64-arraybuffer" "0.1.4"

"engine.io@~5.1.0":
  "integrity" "sha512-aMWot7H5aC8L4/T8qMYbLdvKlZOdJTH54FxfdFunTGvhMx1BHkJOntWArsVfgAZVwAO9LC2sryPWRcEeUzCe5w=="
  "resolved" "https://registry.npmjs.org/engine.io/-/engine.io-5.1.1.tgz"
  "version" "5.1.1"
  dependencies:
    "accepts" "~1.3.4"
    "base64id" "2.0.0"
    "cookie" "~0.4.1"
    "cors" "~2.8.5"
    "debug" "~4.3.1"
    "engine.io-parser" "~4.0.0"
    "ws" "~7.4.2"

"escape-html@~1.0.3":
  "integrity" "sha1-Aljq5NPQwJdN4cFpGI7wBR0dGYg="
  "resolved" "https://registry.npmjs.org/escape-html/-/escape-html-1.0.3.tgz"
  "version" "1.0.3"

"escape-string-regexp@^1.0.5":
  "integrity" "sha1-G2HAViGQqN/2rjuyzwIAyhMLhtQ="
  "resolved" "https://registry.npmjs.org/escape-string-regexp/-/escape-string-regexp-1.0.5.tgz"
  "version" "1.0.5"

"etag@~1.8.1":
  "integrity" "sha1-Qa4u62XvpiJorr/qg6x9eSmbCIc="
  "resolved" "https://registry.npmjs.org/etag/-/etag-1.8.1.tgz"
  "version" "1.8.1"

"express@^4.17.1":
  "integrity" "sha512-mHJ9O79RqluphRrcw2X/GTh3k9tVv8YcoyY4Kkh4WDMUYKRZUq0h1o0w2rrrxBqM7VoeUVqgb27xlEMXTnYt4g=="
  "resolved" "https://registry.npmjs.org/express/-/express-4.17.1.tgz"
  "version" "4.17.1"
  dependencies:
    "accepts" "~1.3.7"
    "array-flatten" "1.1.1"
    "body-parser" "1.19.0"
    "content-disposition" "0.5.3"
    "content-type" "~1.0.4"
    "cookie" "0.4.0"
    "cookie-signature" "1.0.6"
    "debug" "2.6.9"
    "depd" "~1.1.2"
    "encodeurl" "~1.0.2"
    "escape-html" "~1.0.3"
    "etag" "~1.8.1"
    "finalhandler" "~1.1.2"
    "fresh" "0.5.2"
    "merge-descriptors" "1.0.1"
    "methods" "~1.1.2"
    "on-finished" "~2.3.0"
    "parseurl" "~1.3.3"
    "path-to-regexp" "0.1.7"
    "proxy-addr" "~2.0.5"
    "qs" "6.7.0"
    "range-parser" "~1.2.1"
    "safe-buffer" "5.1.2"
    "send" "0.17.1"
    "serve-static" "1.14.1"
    "setprototypeof" "1.1.1"
    "statuses" "~1.5.0"
    "type-is" "~1.6.18"
    "utils-merge" "1.0.1"
    "vary" "~1.1.2"

"fast-redact@^3.0.0":
  "integrity" "sha512-kYpn4Y/valC9MdrISg47tZOpYBNoTXKgT9GYXFpHN/jYFs+lFkPoisY+LcBODdKVMY96ATzvzsWv+ES/4Kmufw=="
  "resolved" "https://registry.npmjs.org/fast-redact/-/fast-redact-3.0.1.tgz"
  "version" "3.0.1"

"fast-safe-stringify@^2.0.7":
  "integrity" "sha512-Utm6CdzT+6xsDk2m8S6uL8VHxNwI6Jub+e9NYTcAms28T84pTa25GJQV9j0CY0N1rM8hK4x6grpF2BQf+2qwVA=="
  "resolved" "https://registry.npmjs.org/fast-safe-stringify/-/fast-safe-stringify-2.0.7.tgz"
  "version" "2.0.7"

"finalhandler@~1.1.2":
  "integrity" "sha512-aAWcW57uxVNrQZqFXjITpW3sIUQmHGG3qSb9mUah9MgMC4NeWhNOlNjXEYq3HjRAvL6arUviZGGJsBg6z0zsWA=="
  "resolved" "https://registry.npmjs.org/finalhandler/-/finalhandler-1.1.2.tgz"
  "version" "1.1.2"
  dependencies:
    "debug" "2.6.9"
    "encodeurl" "~1.0.2"
    "escape-html" "~1.0.3"
    "on-finished" "~2.3.0"
    "parseurl" "~1.3.3"
    "statuses" "~1.5.0"
    "unpipe" "~1.0.0"

"flatstr@^1.0.12":
  "integrity" "sha512-4zPxDyhCyiN2wIAtSLI6gc82/EjqZc1onI4Mz/l0pWrAlsSfYH/2ZIcU+e3oA2wDwbzIWNKwa23F8rh6+DRWkw=="
  "resolved" "https://registry.npmjs.org/flatstr/-/flatstr-1.0.12.tgz"
  "version" "1.0.12"

"forwarded@0.2.0":
  "integrity" "sha512-buRG0fpBtRHSTCOASe6hD258tEubFoRLb4ZNA6NxMVHNw2gOcwHo9wyablzMzOA5z9xA9L1KNjk/Nt6MT9aYow=="
  "resolved" "https://registry.npmjs.org/forwarded/-/forwarded-0.2.0.tgz"
  "version" "0.2.0"

"fresh@0.5.2":
  "integrity" "sha1-PYyt2Q2XZWn6g1qx+OSyOhBWBac="
  "resolved" "https://registry.npmjs.org/fresh/-/fresh-0.5.2.tgz"
  "version" "0.5.2"

"has-flag@^3.0.0":
  "integrity" "sha1-tdRU3CGZriJWmfNGfloH87lVuv0="
  "resolved" "https://registry.npmjs.org/has-flag/-/has-flag-3.0.0.tgz"
  "version" "3.0.0"

"has-flag@^4.0.0":
  "integrity" "sha512-EykJT/Q1KjTWctppgIAgfSO0tKVuZUjhgMr17kqTumMl6Afv3EISleU7qZUzoXDFTAHTDC4NOoG/ZxU3EvlMPQ=="
  "resolved" "https://registry.npmjs.org/has-flag/-/has-flag-4.0.0.tgz"
  "version" "4.0.0"

"http-errors@~1.7.2", "http-errors@1.7.2":
  "integrity" "sha512-uUQBt3H/cSIVfch6i1EuPNy/YsRSOUBXTVfZ+yR7Zjez3qjBz6i9+i4zjNaoqcoFVI4lQJ5plg63TvGfRSDCRg=="
  "resolved" "https://registry.npmjs.org/http-errors/-/http-errors-1.7.2.tgz"
  "version" "1.7.2"
  dependencies:
    "depd" "~1.1.2"
    "inherits" "2.0.3"
    "setprototypeof" "1.1.1"
    "statuses" ">= 1.5.0 < 2"
    "toidentifier" "1.0.0"

"iconv-lite@0.4.24":
  "integrity" "sha512-v3MXnZAcvnywkTUEZomIActle7RXXeedOR31wwl7VlyoXO4Qi9arvSenNQWne1TcRwhCL1HwLI21bEqdpj8/rA=="
  "resolved" "https://registry.npmjs.org/iconv-lite/-/iconv-lite-0.4.24.tgz"
  "version" "0.4.24"
  dependencies:
    "safer-buffer" ">= 2.1.2 < 3"

"inherits@^2.0.3", "inherits@2.0.3":
  "integrity" "sha1-Yzwsg+PaQqUC9SRmAiSA9CCCYd4="
  "resolved" "https://registry.npmjs.org/inherits/-/inherits-2.0.3.tgz"
  "version" "2.0.3"

"ipaddr.js@1.9.1":
  "integrity" "sha512-0KI/607xoxSToH7GjN1FfSbLoU0+btTicjsQSWQlh/hZykN8KpmMf7uYwPW3R+akZ6R/w18ZlXSHBYXiYUPO3g=="
  "resolved" "https://registry.npmjs.org/ipaddr.js/-/ipaddr.js-1.9.1.tgz"
  "version" "1.9.1"

"jmespath@^0.15.0":
  "integrity" "sha1-o/Iiqarp+Wb10nx5ZRDigJF2Qhc="
  "resolved" "https://registry.npmjs.org/jmespath/-/jmespath-0.15.0.tgz"
  "version" "0.15.0"

"joycon@^3.0.0":
  "integrity" "sha512-SJcJNBg32dGgxhPtM0wQqxqV0ax9k/9TaUskGDSJkSFSQOEWWvQ3zzWdGQRIUry2j1zA5+ReH13t0Mf3StuVZA=="
  "resolved" "https://registry.npmjs.org/joycon/-/joycon-3.0.1.tgz"
  "version" "3.0.1"

"json5@^2.1.1":
  "integrity" "sha512-f+8cldu7X/y7RAJurMEJmdoKXGB/X550w2Nr3tTbezL6RwEE/iMcm+tZnXeoZtKuOq6ft8+CqzEkrIgx1fPoQA=="
  "resolved" "https://registry.npmjs.org/json5/-/json5-2.2.0.tgz"
  "version" "2.2.0"
  dependencies:
    "minimist" "^1.2.5"

"leven@2.1.0":
  "integrity" "sha1-wuep93IJTe6dNCAq6KzORoeHVYA="
  "resolved" "https://registry.npmjs.org/leven/-/leven-2.1.0.tgz"
  "version" "2.1.0"

"make-error@^1.1.1":
  "integrity" "sha512-s8UhlNe7vPKomQhC1qFelMokr/Sc3AgNbso3n74mVPA5LTZwkB9NlXf4XPamLxJE8h0gh73rM94xvwRT2CVInw=="
  "resolved" "https://registry.npmjs.org/make-error/-/make-error-1.3.6.tgz"
  "version" "1.3.6"

"media-typer@0.3.0":
  "integrity" "sha1-hxDXrwqmJvj/+hzgAWhUUmMlV0g="
  "resolved" "https://registry.npmjs.org/media-typer/-/media-typer-0.3.0.tgz"
  "version" "0.3.0"

"merge-descriptors@1.0.1":
  "integrity" "sha1-sAqqVW3YtEVoFQ7J0blT8/kMu2E="
  "resolved" "https://registry.npmjs.org/merge-descriptors/-/merge-descriptors-1.0.1.tgz"
  "version" "1.0.1"

"methods@~1.1.2":
  "integrity" "sha1-VSmk1nZUE07cxSZmVoNbD4Ua/O4="
  "resolved" "https://registry.npmjs.org/methods/-/methods-1.1.2.tgz"
  "version" "1.1.2"

"mime-db@1.48.0":
  "integrity" "sha512-FM3QwxV+TnZYQ2aRqhlKBMHxk10lTbMt3bBkMAp54ddrNeVSfcQYOOKuGuy3Ddrm38I04If834fOUSq1yzslJQ=="
  "resolved" "https://registry.npmjs.org/mime-db/-/mime-db-1.48.0.tgz"
  "version" "1.48.0"

"mime-types@~2.1.24":
  "integrity" "sha512-XGZnNzm3QvgKxa8dpzyhFTHmpP3l5YNusmne07VUOXxou9CqUqYa/HBy124RqtVh/O2pECas/MOcsDgpilPOPg=="
  "resolved" "https://registry.npmjs.org/mime-types/-/mime-types-2.1.31.tgz"
  "version" "2.1.31"
  dependencies:
    "mime-db" "1.48.0"

"mime@1.6.0":
  "integrity" "sha512-x0Vn8spI+wuJ1O6S7gnbaQg8Pxh4NNHb7KSINmEWKiPE4RKOplvijn+NkmYmmRgP68mc70j2EbeTFRsrswaQeg=="
  "resolved" "https://registry.npmjs.org/mime/-/mime-1.6.0.tgz"
  "version" "1.6.0"

"minimist@^1.2.5":
  "integrity" "sha512-FM9nNUYrRBAELZQT3xeZQ7fmMOBg6nWNmJKTcgsJeaLstP/UODVpGsr5OhXhhXg6f+qtJ8uiZ+PUxkDWcgIXLw=="
  "resolved" "https://registry.npmjs.org/minimist/-/minimist-1.2.5.tgz"
  "version" "1.2.5"

"mri@1.1.4":
  "integrity" "sha512-6y7IjGPm8AzlvoUrwAaw1tLnUBudaS3752vcd8JtrpGGQn+rXIe63LFVHm/YMwtqAuh+LJPCFdlLYPWM1nYn6w=="
  "resolved" "https://registry.npmjs.org/mri/-/mri-1.1.4.tgz"
  "version" "1.1.4"

"ms@2.0.0":
  "integrity" "sha1-VgiurfwAvmwpAd9fmGF4jeDVl8g="
  "resolved" "https://registry.npmjs.org/ms/-/ms-2.0.0.tgz"
  "version" "2.0.0"

"ms@2.1.1":
  "integrity" "sha512-tgp+dl5cGk28utYktBsrFqA7HKgrhgPsg6Z/EfhWI4gl1Hwq8B/GmY/0oXZ6nF8hDVesS/FpnYaD/kOWhYQvyg=="
  "resolved" "https://registry.npmjs.org/ms/-/ms-2.1.1.tgz"
  "version" "2.1.1"

"ms@2.1.2":
  "integrity" "sha512-sGkPx+VjMtmA6MX27oA4FBFELFCZZ4S4XqeGOXCv68tT+jb3vk/RyaKWP0PTKyWtmLSM0b+adUTEvbs1PEaH2w=="
  "resolved" "https://registry.npmjs.org/ms/-/ms-2.1.2.tgz"
  "version" "2.1.2"

"nanoid@^3.1.23":
  "integrity" "sha512-FiB0kzdP0FFVGDKlRLEQ1BgDzU87dy5NnzjeW9YZNt+/c3+q82EQDUwniSAUxp/F0gFNI1ZhKU1FqYsMuqZVnw=="
  "resolved" "https://registry.npmjs.org/nanoid/-/nanoid-3.1.23.tgz"
  "version" "3.1.23"

"negotiator@0.6.2":
  "integrity" "sha512-hZXc7K2e+PgeI1eDBe/10Ard4ekbfrrqG8Ep+8Jmf4JID2bNg7NvCPOZN+kfF574pFQI7mum2AUqDidoKqcTOw=="
  "resolved" "https://registry.npmjs.org/negotiator/-/negotiator-0.6.2.tgz"
  "version" "0.6.2"

"object-assign@^4":
  "integrity" "sha1-IQmtx5ZYh8/AXLvUQsrIv7s2CGM="
  "resolved" "https://registry.npmjs.org/object-assign/-/object-assign-4.1.1.tgz"
  "version" "4.1.1"

"on-finished@~2.3.0":
  "integrity" "sha1-IPEzZIGwg811M3mSoWlxqi2QaUc="
  "resolved" "https://registry.npmjs.org/on-finished/-/on-finished-2.3.0.tgz"
  "version" "2.3.0"
  dependencies:
    "ee-first" "1.1.1"

"once@^1.3.1", "once@^1.4.0":
  "integrity" "sha1-WDsap3WWHUsROsF9nFC6753Xa9E="
  "resolved" "https://registry.npmjs.org/once/-/once-1.4.0.tgz"
  "version" "1.4.0"
  dependencies:
    "wrappy" "1"

"parseurl@~1.3.3":
  "integrity" "sha512-CiyeOxFT/JZyN5m0z9PfXw4SCBJ6Sygz1Dpl0wqjlhDEGGBP1GnsUVEL0p63hoG1fcj3fHynXi9NYO4nWOL+qQ=="
  "resolved" "https://registry.npmjs.org/parseurl/-/parseurl-1.3.3.tgz"
  "version" "1.3.3"

"path-to-regexp@0.1.7":
  "integrity" "sha1-32BBeABfUi8V60SQ5yR6G/qmf4w="
  "resolved" "https://registry.npmjs.org/path-to-regexp/-/path-to-regexp-0.1.7.tgz"
  "version" "0.1.7"

"pino-pretty@^5.1.0":
  "integrity" "sha512-fpDU80MKP59XOWxqV8crTDjRegC2fbDsA56zTr5s1guiv6QuYHILc9x1a4+o9SNPtfmF2kQdpAZS+bIExtbELQ=="
  "resolved" "https://registry.npmjs.org/pino-pretty/-/pino-pretty-5.1.0.tgz"
  "version" "5.1.0"
  dependencies:
    "@hapi/bourne" "^2.0.0"
    "@types/node" "^15.3.0"
    "args" "^5.0.1"
    "chalk" "^4.0.0"
    "dateformat" "^4.5.1"
    "fast-safe-stringify" "^2.0.7"
    "jmespath" "^0.15.0"
    "joycon" "^3.0.0"
    "pump" "^3.0.0"
    "readable-stream" "^3.6.0"
    "rfdc" "^1.3.0"
    "split2" "^3.1.1"
    "strip-json-comments" "^3.1.1"

"pino-std-serializers@^3.1.0":
  "integrity" "sha512-EqX4pwDPrt3MuOAAUBMU0Tk5kR/YcCM5fNPEzgCO2zJ5HfX0vbiH9HbJglnyeQsN96Kznae6MWD47pZB5avTrg=="
  "resolved" "https://registry.npmjs.org/pino-std-serializers/-/pino-std-serializers-3.2.0.tgz"
  "version" "3.2.0"

"pino@^6.11.3":
  "integrity" "sha512-drPtqkkSf0ufx2gaea3TryFiBHdNIdXKf5LN0hTM82SXI4xVIve2wLwNg92e1MT6m3jASLu6VO7eGY6+mmGeyw=="
  "resolved" "https://registry.npmjs.org/pino/-/pino-6.11.3.tgz"
  "version" "6.11.3"
  dependencies:
    "fast-redact" "^3.0.0"
    "fast-safe-stringify" "^2.0.7"
    "flatstr" "^1.0.12"
    "pino-std-serializers" "^3.1.0"
    "quick-format-unescaped" "^4.0.3"
    "sonic-boom" "^1.0.2"

"proxy-addr@~2.0.5":
  "integrity" "sha512-llQsMLSUDUPT44jdrU/O37qlnifitDP+ZwrmmZcoSKyLKvtZxpyV0n2/bD/N4tBAAZ/gJEdZU7KMraoK1+XYAg=="
  "resolved" "https://registry.npmjs.org/proxy-addr/-/proxy-addr-2.0.7.tgz"
  "version" "2.0.7"
  dependencies:
    "forwarded" "0.2.0"
    "ipaddr.js" "1.9.1"

"pump@^3.0.0":
  "integrity" "sha512-LwZy+p3SFs1Pytd/jYct4wpv49HiYCqd9Rlc5ZVdk0V+8Yzv6jR5Blk3TRmPL1ft69TxP0IMZGJ+WPFU2BFhww=="
  "resolved" "https://registry.npmjs.org/pump/-/pump-3.0.0.tgz"
  "version" "3.0.0"
  dependencies:
    "end-of-stream" "^1.1.0"
    "once" "^1.3.1"

"qs@6.7.0":
  "integrity" "sha512-VCdBRNFTX1fyE7Nb6FYoURo/SPe62QCaAyzJvUjwRaIsc+NePBEniHlvxFmmX56+HZphIGtV0XeCirBtpDrTyQ=="
  "resolved" "https://registry.npmjs.org/qs/-/qs-6.7.0.tgz"
  "version" "6.7.0"

"quick-format-unescaped@^4.0.3":
  "integrity" "sha512-MaL/oqh02mhEo5m5J2rwsVL23Iw2PEaGVHgT2vFt8AAsr0lfvQA5dpXo9TPu0rz7tSBdUPgkbam0j/fj5ZM8yg=="
  "resolved" "https://registry.npmjs.org/quick-format-unescaped/-/quick-format-unescaped-4.0.3.tgz"
  "version" "4.0.3"

"range-parser@~1.2.1":
  "integrity" "sha512-Hrgsx+orqoygnmhFbKaHE6c296J+HTAQXoxEF6gNupROmmGJRoyzfG3ccAveqCBrwr/2yxQ5BVd/GTl5agOwSg=="
  "resolved" "https://registry.npmjs.org/range-parser/-/range-parser-1.2.1.tgz"
  "version" "1.2.1"

"raw-body@2.4.0":
  "integrity" "sha512-4Oz8DUIwdvoa5qMJelxipzi/iJIi40O5cGV1wNYp5hvZP8ZN0T+jiNkL0QepXs+EsQ9XJ8ipEDoiH70ySUJP3Q=="
  "resolved" "https://registry.npmjs.org/raw-body/-/raw-body-2.4.0.tgz"
  "version" "2.4.0"
  dependencies:
    "bytes" "3.1.0"
    "http-errors" "1.7.2"
    "iconv-lite" "0.4.24"
    "unpipe" "1.0.0"

"readable-stream@^3.0.0", "readable-stream@^3.6.0":
  "integrity" "sha512-BViHy7LKeTz4oNnkcLJ+lVSL6vpiFeX6/d3oSH8zCW7UxP2onchk+vTGB143xuFjHS3deTgkKoXXymXqymiIdA=="
  "resolved" "https://registry.npmjs.org/readable-stream/-/readable-stream-3.6.0.tgz"
  "version" "3.6.0"
  dependencies:
    "inherits" "^2.0.3"
    "string_decoder" "^1.1.1"
    "util-deprecate" "^1.0.1"

"rfdc@^1.3.0":
  "integrity" "sha512-V2hovdzFbOi77/WajaSMXk2OLm+xNIeQdMMuB7icj7bk6zi2F8GGAxigcnDFpJHbNyNcgyJDiP+8nOrY5cZGrA=="
  "resolved" "https://registry.npmjs.org/rfdc/-/rfdc-1.3.0.tgz"
  "version" "1.3.0"

"safe-buffer@~5.2.0":
  "integrity" "sha512-rp3So07KcdmmKbGvgaNxQSJr7bGVSVk5S9Eq1F+ppbRo70+YeaDxkw5Dd8NPN+GD6bjnYm2VuPuCXmpuYvmCXQ=="
  "resolved" "https://registry.npmjs.org/safe-buffer/-/safe-buffer-5.2.1.tgz"
  "version" "5.2.1"

"safe-buffer@5.1.2":
  "integrity" "sha512-Gd2UZBJDkXlY7GbJxfsE8/nvKkUEU1G38c1siN6QP6a9PT9MmHB8GnpscSmMJSoF8LOIrt8ud/wPtojys4G6+g=="
  "resolved" "https://registry.npmjs.org/safe-buffer/-/safe-buffer-5.1.2.tgz"
  "version" "5.1.2"

"safer-buffer@>= 2.1.2 < 3":
  "integrity" "sha512-YZo3K82SD7Riyi0E1EQPojLz7kpepnSQI9IyPbHHg1XXXevb5dJI7tpyN2ADxGcQbHG7vcyRHk0cbwqcQriUtg=="
  "resolved" "https://registry.npmjs.org/safer-buffer/-/safer-buffer-2.1.2.tgz"
  "version" "2.1.2"

"send@0.17.1":
  "integrity" "sha512-BsVKsiGcQMFwT8UxypobUKyv7irCNRHk1T0G680vk88yf6LBByGcZJOTJCrTP2xVN6yI+XjPJcNuE3V4fT9sAg=="
  "resolved" "https://registry.npmjs.org/send/-/send-0.17.1.tgz"
  "version" "0.17.1"
  dependencies:
    "debug" "2.6.9"
    "depd" "~1.1.2"
    "destroy" "~1.0.4"
    "encodeurl" "~1.0.2"
    "escape-html" "~1.0.3"
    "etag" "~1.8.1"
    "fresh" "0.5.2"
    "http-errors" "~1.7.2"
    "mime" "1.6.0"
    "ms" "2.1.1"
    "on-finished" "~2.3.0"
    "range-parser" "~1.2.1"
    "statuses" "~1.5.0"

"serve-static@1.14.1":
  "integrity" "sha512-JMrvUwE54emCYWlTI+hGrGv5I8dEwmco/00EvkzIIsR7MqrHonbD9pO2MOfFnpFntl7ecpZs+3mW+XbQZu9QCg=="
  "resolved" "https://registry.npmjs.org/serve-static/-/serve-static-1.14.1.tgz"
  "version" "1.14.1"
  dependencies:
    "encodeurl" "~1.0.2"
    "escape-html" "~1.0.3"
    "parseurl" "~1.3.3"
    "send" "0.17.1"

"setprototypeof@1.1.1":
  "integrity" "sha512-JvdAWfbXeIGaZ9cILp38HntZSFSo3mWg6xGcJJsd+d4aRMOqauag1C63dJfDw7OaMYwEbHMOxEZ1lqVRYP2OAw=="
  "resolved" "https://registry.npmjs.org/setprototypeof/-/setprototypeof-1.1.1.tgz"
  "version" "1.1.1"

"socket.io-adapter@~2.3.0":
  "integrity" "sha512-8cVkRxI8Nt2wadkY6u60Y4rpW3ejA1rxgcK2JuyIhmF+RMNpTy1QRtkHIDUOf3B4HlQwakMsWbKftMv/71VMmw=="
  "resolved" "https://registry.npmjs.org/socket.io-adapter/-/socket.io-adapter-2.3.1.tgz"
  "version" "2.3.1"

"socket.io-parser@~4.0.3":
  "integrity" "sha512-t+b0SS+IxG7Rxzda2EVvyBZbvFPBCjJoyHuE0P//7OAsN23GItzDRdWa6ALxZI/8R5ygK7jAR6t028/z+7295g=="
  "resolved" "https://registry.npmjs.org/socket.io-parser/-/socket.io-parser-4.0.4.tgz"
  "version" "4.0.4"
  dependencies:
    "@types/component-emitter" "^1.2.10"
    "component-emitter" "~1.3.0"
    "debug" "~4.3.1"

"socket.io@^4.1.2":
  "integrity" "sha512-xK0SD1C7hFrh9+bYoYCdVt+ncixkSLKtNLCax5aEy1o3r5PaO5yQhVb97exIe67cE7lAK+EpyMytXWTWmyZY8w=="
  "resolved" "https://registry.npmjs.org/socket.io/-/socket.io-4.1.2.tgz"
  "version" "4.1.2"
  dependencies:
    "@types/cookie" "^0.4.0"
    "@types/cors" "^2.8.8"
    "@types/node" ">=10.0.0"
    "accepts" "~1.3.4"
    "base64id" "~2.0.0"
    "debug" "~4.3.1"
    "engine.io" "~5.1.0"
    "socket.io-adapter" "~2.3.0"
    "socket.io-parser" "~4.0.3"

"sonic-boom@^1.0.2":
  "integrity" "sha512-LRHh/A8tpW7ru89lrlkU4AszXt1dbwSjVWguGrmlxE7tawVmDBlI1PILMkXAxJTwqhgsEeTHzj36D5CmHgQmNg=="
  "resolved" "https://registry.npmjs.org/sonic-boom/-/sonic-boom-1.4.1.tgz"
  "version" "1.4.1"
  dependencies:
    "atomic-sleep" "^1.0.0"
    "flatstr" "^1.0.12"

"source-map-support@^0.5.17":
  "integrity" "sha512-Wonm7zOCIJzBGQdB+thsPar0kYuCIzYvxZwlBa87yi/Mdjv7Tip2cyVbLj5o0cFPN4EVkuTwb3GDDyUx2DGnGw=="
  "resolved" "https://registry.npmjs.org/source-map-support/-/source-map-support-0.5.19.tgz"
  "version" "0.5.19"
  dependencies:
    "buffer-from" "^1.0.0"
    "source-map" "^0.6.0"

"source-map@^0.6.0":
  "integrity" "sha512-UjgapumWlbMhkBgzT7Ykc5YXUT46F0iKu8SGXq0bcwP5dz/h0Plj6enJqjz1Zbq2l5WaqYnrVbwWOWMyF3F47g=="
  "resolved" "https://registry.npmjs.org/source-map/-/source-map-0.6.1.tgz"
  "version" "0.6.1"

"split2@^3.1.1":
  "integrity" "sha512-9NThjpgZnifTkJpzTZ7Eue85S49QwpNhZTq6GRJwObb6jnLFNGB7Qm73V5HewTROPyxD0C29xqmaI68bQtV+hg=="
  "resolved" "https://registry.npmjs.org/split2/-/split2-3.2.2.tgz"
  "version" "3.2.2"
  dependencies:
    "readable-stream" "^3.0.0"

"statuses@>= 1.5.0 < 2", "statuses@~1.5.0":
  "integrity" "sha1-Fhx9rBd2Wf2YEfQ3cfqZOBR4Yow="
  "resolved" "https://registry.npmjs.org/statuses/-/statuses-1.5.0.tgz"
  "version" "1.5.0"

"string_decoder@^1.1.1":
  "integrity" "sha512-hkRX8U1WjJFd8LsDJ2yQ/wWWxaopEsABU1XfkM8A+j0+85JAGppt16cr1Whg6KIbb4okU6Mql6BOj+uup/wKeA=="
  "resolved" "https://registry.npmjs.org/string_decoder/-/string_decoder-1.3.0.tgz"
  "version" "1.3.0"
  dependencies:
    "safe-buffer" "~5.2.0"

"strip-json-comments@^3.1.1":
  "integrity" "sha512-6fPc+R4ihwqP6N/aIv2f1gMH8lOVtWQHoqC4yK6oSDVVocumAsfCqjkXnqiYMhmMwS/mEHLp7Vehlt3ql6lEig=="
  "resolved" "https://registry.npmjs.org/strip-json-comments/-/strip-json-comments-3.1.1.tgz"
  "version" "3.1.1"

"supports-color@^5.3.0":
  "integrity" "sha512-QjVjwdXIt408MIiAqCX4oUKsgU2EqAGzs2Ppkm4aQYbjm+ZEWEcW4SfFNTr4uMNZma0ey4f5lgLrkB0aX0QMow=="
  "resolved" "https://registry.npmjs.org/supports-color/-/supports-color-5.5.0.tgz"
  "version" "5.5.0"
  dependencies:
    "has-flag" "^3.0.0"

"supports-color@^7.1.0":
  "integrity" "sha512-qpCAvRl9stuOHveKsn7HncJRvv501qIacKzQlO/+Lwxc9+0q2wLyv4Dfvt80/DPn2pqOBsJdDiogXGR9+OvwRw=="
  "resolved" "https://registry.npmjs.org/supports-color/-/supports-color-7.2.0.tgz"
  "version" "7.2.0"
  dependencies:
    "has-flag" "^4.0.0"

"toidentifier@1.0.0":
  "integrity" "sha512-yaOH/Pk/VEhBWWTlhI+qXxDFXlejDGcQipMlyxda9nthulaxLZUNcUqFxokp0vcYnvteJln5FNQDRrxj3YcbVw=="
  "resolved" "https://registry.npmjs.org/toidentifier/-/toidentifier-1.0.0.tgz"
  "version" "1.0.0"

"ts-node@^10.0.0":
  "integrity" "sha512-ROWeOIUvfFbPZkoDis0L/55Fk+6gFQNZwwKPLinacRl6tsxstTF1DbAcLKkovwnpKMVvOMHP1TIbnwXwtLg1gg=="
  "resolved" "https://registry.npmjs.org/ts-node/-/ts-node-10.0.0.tgz"
  "version" "10.0.0"
  dependencies:
    "@tsconfig/node10" "^1.0.7"
    "@tsconfig/node12" "^1.0.7"
    "@tsconfig/node14" "^1.0.0"
    "@tsconfig/node16" "^1.0.1"
    "arg" "^4.1.0"
    "create-require" "^1.1.0"
    "diff" "^4.0.1"
    "make-error" "^1.1.1"
    "source-map-support" "^0.5.17"
    "yn" "3.1.1"

"type-is@~1.6.17", "type-is@~1.6.18":
  "integrity" "sha512-TkRKr9sUTxEH8MdfuCSP7VizJyzRNMjj2J2do2Jr3Kym598JVdEksuzPQCnlFPW4ky9Q+iA+ma9BGm06XQBy8g=="
  "resolved" "https://registry.npmjs.org/type-is/-/type-is-1.6.18.tgz"
  "version" "1.6.18"
  dependencies:
    "media-typer" "0.3.0"
    "mime-types" "~2.1.24"

"typescript@^4.3.4", "typescript@>=2.7":
  "integrity" "sha512-uauPG7XZn9F/mo+7MrsRjyvbxFpzemRjKEZXS4AK83oP2KKOJPvb+9cO/gmnv8arWZvhnjVOXz7B49m1l0e9Ew=="
  "resolved" "https://registry.npmjs.org/typescript/-/typescript-4.3.4.tgz"
  "version" "4.3.4"

"unpipe@~1.0.0", "unpipe@1.0.0":
  "integrity" "sha1-sr9O6FFKrmFltIF4KdIbLvSZBOw="
  "resolved" "https://registry.npmjs.org/unpipe/-/unpipe-1.0.0.tgz"
  "version" "1.0.0"

"util-deprecate@^1.0.1":
  "integrity" "sha1-RQ1Nyfpw3nMnYvvS1KKJgUGaDM8="
  "resolved" "https://registry.npmjs.org/util-deprecate/-/util-deprecate-1.0.2.tgz"
  "version" "1.0.2"

"utils-merge@1.0.1":
  "integrity" "sha1-n5VxD1CiZ5R7LMwSR0HBAoQn5xM="
  "resolved" "https://registry.npmjs.org/utils-merge/-/utils-merge-1.0.1.tgz"
  "version" "1.0.1"

"vary@^1", "vary@~1.1.2":
  "integrity" "sha1-IpnwLG3tMNSllhsLn3RSShj2NPw="
  "resolved" "https://registry.npmjs.org/vary/-/vary-1.1.2.tgz"
  "version" "1.1.2"

"wrappy@1":
  "integrity" "sha1-tSQ9jz7BqjXxNkYFvA0QNuMKtp8="
  "resolved" "https://registry.npmjs.org/wrappy/-/wrappy-1.0.2.tgz"
  "version" "1.0.2"

"ws@~7.4.2":
  "integrity" "sha512-YmhHDO4MzaDLB+M9ym/mDA5z0naX8j7SIlT8f8z+I0VtzsRbekxEutHSme7NPS2qE8StCYQNUnfWdXta/Yu85A=="
  "resolved" "https://registry.npmjs.org/ws/-/ws-7.4.6.tgz"
  "version" "7.4.6"

"yn@3.1.1":
  "integrity" "sha512-Ux4ygGWsu2c7isFWe8Yu1YluJmqVhxqK2cLXNQA5AcC3QfbGNpM7fu0Y8b/z16pXLnFxZYvWhd3fhBY9DLmC6Q=="
  "resolved" "https://registry.npmjs.org/yn/-/yn-3.1.1.tgz"
  "version" "3.1.1"
